
Microsoft Visual Studio Solution File, Format Version 12.00
# Visual Studio Version 16
VisualStudioVersion = 16.0.30503.244
MinimumVisualStudioVersion = 10.0.40219.1
Project("{FAE04EC0-301F-11D3-BF4B-00C04F79EFBC}") = "PrepareGithubRepository", "PrepareGithubRepository\PrepareGithubRepository.csproj", "{555CF75B-43D9-435C-A336-921A562C47B2}"
EndProject
Global
	GlobalSection(SolutionConfigurationPlatforms) = preSolution
		Debug|Any CPU = Debug|Any CPU
		Release|Any CPU = Release|Any CPU
	EndGlobalSection
	GlobalSection(ProjectConfigurationPlatforms) = postSolution
		{555CF75B-43D9-435C-A336-921A562C47B2}.Debug|Any CPU.ActiveCfg = Debug|Any CPU
		{555CF75B-43D9-435C-A336-921A562C47B2}.Debug|Any CPU.Build.0 = Debug|Any CPU
		{555CF75B-43D9-435C-A336-921A562C47B2}.Release|Any CPU.ActiveCfg = Release|Any CPU
		{555CF75B-43D9-435C-A336-921A562C47B2}.Release|Any CPU.Build.0 = Release|Any CPU
	EndGlobalSection
	GlobalSection(SolutionProperties) = preSolution
		HideSolutionNode = FALSE
	EndGlobalSection
	GlobalSection(ExtensibilityGlobals) = postSolution
		SolutionGuid = {C083D722-7033-4473-B2E2-0302F730306F}
	EndGlobalSection
EndGlobal
